// !$*UTF8*$!
{
	archiveVersion = 1;
	classes = {
	};
	objectVersion = 48;
	objects = {

/* Begin PBXBuildFile section */
		B68224141FF3B2DB00F4A00D /* AppDelegate.m in Sources */ = {isa = PBXBuildFile; fileRef = B68224131FF3B2DB00F4A00D /* AppDelegate.m */; };
		B68224171FF3B2DB00F4A00D /* ViewController.m in Sources */ = {isa = PBXBuildFile; fileRef = B68224161FF3B2DB00F4A00D /* ViewController.m */; };
		B682241A1FF3B2DB00F4A00D /* Main.storyboard in Resources */ = {isa = PBXBuildFile; fileRef = B68224181FF3B2DB00F4A00D /* Main.storyboard */; };
		B682241C1FF3B2DB00F4A00D /* Assets.xcassets in Resources */ = {isa = PBXBuildFile; fileRef = B682241B1FF3B2DB00F4A00D /* Assets.xcassets */; };
		B682241F1FF3B2DB00F4A00D /* LaunchScreen.storyboard in Resources */ = {isa = PBXBuildFile; fileRef = B682241D1FF3B2DB00F4A00D /* LaunchScreen.storyboard */; };
		B68224221FF3B2DB00F4A00D /* main.m in Sources */ = {isa = PBXBuildFile; fileRef = B68224211FF3B2DB00F4A00D /* main.m */; };
		B682242A1FF3B34400F4A00D /* opencore-vo-amrwbenc-iOS-master.zip in Resources */ = {isa = PBXBuildFile; fileRef = B68224291FF3B34400F4A00D /* opencore-vo-amrwbenc-iOS-master.zip */; };
		B682243E1FF3B3FF00F4A00D /* libopencore-amrwb.a in Frameworks */ = {isa = PBXBuildFile; fileRef = B682242D1FF3B3FF00F4A00D /* libopencore-amrwb.a */; };
		B682243F1FF3B3FF00F4A00D /* libopencore-amrnb.a in Frameworks */ = {isa = PBXBuildFile; fileRef = B682242E1FF3B3FF00F4A00D /* libopencore-amrnb.a */; };
		B68224401FF3B3FF00F4A00D /* libvo-amrwbenc.a in Frameworks */ = {isa = PBXBuildFile; fileRef = B682242F1FF3B3FF00F4A00D /* libvo-amrwbenc.a */; };
		B68224411FF3B40000F4A00D /* VoiceConverter.mm in Sources */ = {isa = PBXBuildFile; fileRef = B68224311FF3B3FF00F4A00D /* VoiceConverter.mm */; };
		B68224421FF3B40000F4A00D /* wavreader.c in Sources */ = {isa = PBXBuildFile; fileRef = B68224331FF3B3FF00F4A00D /* wavreader.c */; };
		B68224431FF3B40000F4A00D /* wavwriter.c in Sources */ = {isa = PBXBuildFile; fileRef = B68224381FF3B3FF00F4A00D /* wavwriter.c */; };
		B68224481FF3B4E000F4A00D /* 8KHZVoiceConverter.mm in Sources */ = {isa = PBXBuildFile; fileRef = B68224471FF3B4E000F4A00D /* 8KHZVoiceConverter.mm */; };
		B682244B1FF3B50F00F4A00D /* 16KHZVoiceConverter.mm in Sources */ = {isa = PBXBuildFile; fileRef = B682244A1FF3B50F00F4A00D /* 16KHZVoiceConverter.mm */; };
/* End PBXBuildFile section */

/* Begin PBXFileReference section */
		B682240F1FF3B2DB00F4A00D /* WavAmrConverter.app */ = {isa = PBXFileReference; explicitFileType = wrapper.application; includeInIndex = 0; path = WavAmrConverter.app; sourceTree = BUILT_PRODUCTS_DIR; };
		B68224121FF3B2DB00F4A00D /* AppDelegate.h */ = {isa = PBXFileReference; lastKnownFileType = sourcecode.c.h; path = AppDelegate.h; sourceTree = "<group>"; };
		B68224131FF3B2DB00F4A00D /* AppDelegate.m */ = {isa = PBXFileReference; lastKnownFileType = sourcecode.c.objc; path = AppDelegate.m; sourceTree = "<group>"; };
		B68224151FF3B2DB00F4A00D /* ViewController.h */ = {isa = PBXFileReference; lastKnownFileType = sourcecode.c.h; path = ViewController.h; sourceTree = "<group>"; };
		B68224161FF3B2DB00F4A00D /* ViewController.m */ = {isa = PBXFileReference; lastKnownFileType = sourcecode.c.objc; path = ViewController.m; sourceTree = "<group>"; };
		B68224191FF3B2DB00F4A00D /* Base */ = {isa = PBXFileReference; lastKnownFileType = file.storyboard; name = Base; path = Base.lproj/Main.storyboard; sourceTree = "<group>"; };
		B682241B1FF3B2DB00F4A00D /* Assets.xcassets */ = {isa = PBXFileReference; lastKnownFileType = folder.assetcatalog; path = Assets.xcassets; sourceTree = "<group>"; };
		B682241E1FF3B2DB00F4A00D /* Base */ = {isa = PBXFileReference; lastKnownFileType = file.storyboard; name = Base; path = Base.lproj/LaunchScreen.storyboard; sourceTree = "<group>"; };
		B68224201FF3B2DB00F4A00D /* Info.plist */ = {isa = PBXFileReference; lastKnownFileType = text.plist.xml; path = Info.plist; sourceTree = "<group>"; };
		B68224211FF3B2DB00F4A00D /* main.m */ = {isa = PBXFileReference; lastKnownFileType = sourcecode.c.objc; path = main.m; sourceTree = "<group>"; };
		B68224291FF3B34400F4A00D /* opencore-vo-amrwbenc-iOS-master.zip */ = {isa = PBXFileReference; lastKnownFileType = archive.zip; path = "opencore-vo-amrwbenc-iOS-master.zip"; sourceTree = "<group>"; };
		B682242D1FF3B3FF00F4A00D /* libopencore-amrwb.a */ = {isa = PBXFileReference; lastKnownFileType = archive.ar; path = "libopencore-amrwb.a"; sourceTree = "<group>"; };
		B682242E1FF3B3FF00F4A00D /* libopencore-amrnb.a */ = {isa = PBXFileReference; lastKnownFileType = archive.ar; path = "libopencore-amrnb.a"; sourceTree = "<group>"; };
		B682242F1FF3B3FF00F4A00D /* libvo-amrwbenc.a */ = {isa = PBXFileReference; lastKnownFileType = archive.ar; path = "libvo-amrwbenc.a"; sourceTree = "<group>"; };
		B68224301FF3B3FF00F4A00D /* wavwriter.h */ = {isa = PBXFileReference; fileEncoding = 4; lastKnownFileType = sourcecode.c.h; path = wavwriter.h; sourceTree = "<group>"; };
		B68224311FF3B3FF00F4A00D /* VoiceConverter.mm */ = {isa = PBXFileReference; fileEncoding = 4; lastKnownFileType = sourcecode.cpp.objcpp; path = VoiceConverter.mm; sourceTree = "<group>"; };
		B68224321FF3B3FF00F4A00D /* VoiceConverter.h */ = {isa = PBXFileReference; fileEncoding = 4; lastKnownFileType = sourcecode.c.h; path = VoiceConverter.h; sourceTree = "<group>"; };
		B68224331FF3B3FF00F4A00D /* wavreader.c */ = {isa = PBXFileReference; fileEncoding = 4; lastKnownFileType = sourcecode.c.c; path = wavreader.c; sourceTree = "<group>"; };
		B68224351FF3B3FF00F4A00D /* if_rom.h */ = {isa = PBXFileReference; fileEncoding = 4; lastKnownFileType = sourcecode.c.h; path = if_rom.h; sourceTree = "<group>"; };
		B68224361FF3B3FF00F4A00D /* dec_if.h */ = {isa = PBXFileReference; fileEncoding = 4; lastKnownFileType = sourcecode.c.h; path = dec_if.h; sourceTree = "<group>"; };
		B68224371FF3B3FF00F4A00D /* wavreader.h */ = {isa = PBXFileReference; fileEncoding = 4; lastKnownFileType = sourcecode.c.h; path = wavreader.h; sourceTree = "<group>"; };
		B68224381FF3B3FF00F4A00D /* wavwriter.c */ = {isa = PBXFileReference; fileEncoding = 4; lastKnownFileType = sourcecode.c.c; path = wavwriter.c; sourceTree = "<group>"; };
		B682243A1FF3B3FF00F4A00D /* enc_if.h */ = {isa = PBXFileReference; fileEncoding = 4; lastKnownFileType = sourcecode.c.h; path = enc_if.h; sourceTree = "<group>"; };
		B682243C1FF3B3FF00F4A00D /* interf_dec.h */ = {isa = PBXFileReference; fileEncoding = 4; lastKnownFileType = sourcecode.c.h; path = interf_dec.h; sourceTree = "<group>"; };
		B682243D1FF3B3FF00F4A00D /* interf_enc.h */ = {isa = PBXFileReference; fileEncoding = 4; lastKnownFileType = sourcecode.c.h; path = interf_enc.h; sourceTree = "<group>"; };
		B68224441FF3B49D00F4A00D /* 8KHZVoiceConverter.h */ = {isa = PBXFileReference; lastKnownFileType = sourcecode.c.h; path = 8KHZVoiceConverter.h; sourceTree = "<group>"; };
		B68224471FF3B4E000F4A00D /* 8KHZVoiceConverter.mm */ = {isa = PBXFileReference; lastKnownFileType = sourcecode.cpp.objcpp; path = 8KHZVoiceConverter.mm; sourceTree = "<group>"; };
		B68224491FF3B4FC00F4A00D /* 16KHZVoiceConverter.h */ = {isa = PBXFileReference; lastKnownFileType = sourcecode.c.h; path = 16KHZVoiceConverter.h; sourceTree = "<group>"; };
		B682244A1FF3B50F00F4A00D /* 16KHZVoiceConverter.mm */ = {isa = PBXFileReference; lastKnownFileType = sourcecode.cpp.objcpp; path = 16KHZVoiceConverter.mm; sourceTree = "<group>"; };
/* End PBXFileReference section */

/* Begin PBXFrameworksBuildPhase section */
		B682240C1FF3B2DB00F4A00D /* Frameworks */ = {
			isa = PBXFrameworksBuildPhase;
			buildActionMask = 2147483647;
			files = (
				B682243E1FF3B3FF00F4A00D /* libopencore-amrwb.a in Frameworks */,
				B68224401FF3B3FF00F4A00D /* libvo-amrwbenc.a in Frameworks */,
				B682243F1FF3B3FF00F4A00D /* libopencore-amrnb.a in Frameworks */,
			);
			runOnlyForDeploymentPostprocessing = 0;
		};
/* End PBXFrameworksBuildPhase section */

/* Begin PBXGroup section */
		B68224061FF3B2DB00F4A00D = {
			isa = PBXGroup;
			children = (
				B68224111FF3B2DB00F4A00D /* WavAmrConverter */,
				B68224101FF3B2DB00F4A00D /* Products */,
			);
			sourceTree = "<group>";
		};
		B68224101FF3B2DB00F4A00D /* Products */ = {
			isa = PBXGroup;
			children = (
				B682240F1FF3B2DB00F4A00D /* WavAmrConverter.app */,
			);
			name = Products;
			sourceTree = "<group>";
		};
		B68224111FF3B2DB00F4A00D /* WavAmrConverter */ = {
			isa = PBXGroup;
			children = (
				B682242B1FF3B39500F4A00D /* VoiceConverter */,
				B68224121FF3B2DB00F4A00D /* AppDelegate.h */,
				B68224131FF3B2DB00F4A00D /* AppDelegate.m */,
				B68224151FF3B2DB00F4A00D /* ViewController.h */,
				B68224161FF3B2DB00F4A00D /* ViewController.m */,
				B68224181FF3B2DB00F4A00D /* Main.storyboard */,
				B682241B1FF3B2DB00F4A00D /* Assets.xcassets */,
				B682241D1FF3B2DB00F4A00D /* LaunchScreen.storyboard */,
				B68224201FF3B2DB00F4A00D /* Info.plist */,
				B68224211FF3B2DB00F4A00D /* main.m */,
				B68224281FF3B2EE00F4A00D /* Resource */,
			);
			path = WavAmrConverter;
			sourceTree = "<group>";
		};
		B68224281FF3B2EE00F4A00D /* Resource */ = {
			isa = PBXGroup;
			children = (
				B68224291FF3B34400F4A00D /* opencore-vo-amrwbenc-iOS-master.zip */,
			);
			path = Resource;
			sourceTree = "<group>";
		};
		B682242B1FF3B39500F4A00D /* VoiceConverter */ = {
			isa = PBXGroup;
			children = (
				B682242C1FF3B3FF00F4A00D /* lib */,
				B682243B1FF3B3FF00F4A00D /* opencore-amrnb */,
				B68224341FF3B3FF00F4A00D /* opencore-amrwb */,
				B68224391FF3B3FF00F4A00D /* vo-amrwbenc */,
				B68224321FF3B3FF00F4A00D /* VoiceConverter.h */,
				B68224311FF3B3FF00F4A00D /* VoiceConverter.mm */,
				B68224331FF3B3FF00F4A00D /* wavreader.c */,
				B68224371FF3B3FF00F4A00D /* wavreader.h */,
				B68224381FF3B3FF00F4A00D /* wavwriter.c */,
				B68224301FF3B3FF00F4A00D /* wavwriter.h */,
				B68224441FF3B49D00F4A00D /* 8KHZVoiceConverter.h */,
				B68224471FF3B4E000F4A00D /* 8KHZVoiceConverter.mm */,
				B68224491FF3B4FC00F4A00D /* 16KHZVoiceConverter.h */,
				B682244A1FF3B50F00F4A00D /* 16KHZVoiceConverter.mm */,
			);
			path = VoiceConverter;
			sourceTree = "<group>";
		};
		B682242C1FF3B3FF00F4A00D /* lib */ = {
			isa = PBXGroup;
			children = (
				B682242D1FF3B3FF00F4A00D /* libopencore-amrwb.a */,
				B682242E1FF3B3FF00F4A00D /* libopencore-amrnb.a */,
				B682242F1FF3B3FF00F4A00D /* libvo-amrwbenc.a */,
			);
			path = lib;
			sourceTree = "<group>";
		};
		B68224341FF3B3FF00F4A00D /* opencore-amrwb */ = {
			isa = PBXGroup;
			children = (
				B68224351FF3B3FF00F4A00D /* if_rom.h */,
				B68224361FF3B3FF00F4A00D /* dec_if.h */,
			);
			path = "opencore-amrwb";
			sourceTree = "<group>";
		};
		B68224391FF3B3FF00F4A00D /* vo-amrwbenc */ = {
			isa = PBXGroup;
			children = (
				B682243A1FF3B3FF00F4A00D /* enc_if.h */,
			);
			path = "vo-amrwbenc";
			sourceTree = "<group>";
		};
		B682243B1FF3B3FF00F4A00D /* opencore-amrnb */ = {
			isa = PBXGroup;
			children = (
				B682243C1FF3B3FF00F4A00D /* interf_dec.h */,
				B682243D1FF3B3FF00F4A00D /* interf_enc.h */,
			);
			path = "opencore-amrnb";
			sourceTree = "<group>";
		};
/* End PBXGroup section */

/* Begin PBXNativeTarget section */
		B682240E1FF3B2DB00F4A00D /* WavAmrConverter */ = {
			isa = PBXNativeTarget;
			buildConfigurationList = B68224251FF3B2DB00F4A00D /* Build configuration list for PBXNativeTarget "WavAmrConverter" */;
			buildPhases = (
				B682240B1FF3B2DB00F4A00D /* Sources */,
				B682240C1FF3B2DB00F4A00D /* Frameworks */,
				B682240D1FF3B2DB00F4A00D /* Resources */,
			);
			buildRules = (
			);
			dependencies = (
			);
			name = WavAmrConverter;
			productName = WavAmrConverter;
			productReference = B682240F1FF3B2DB00F4A00D /* WavAmrConverter.app */;
			productType = "com.apple.product-type.application";
		};
/* End PBXNativeTarget section */

/* Begin PBXProject section */
		B68224071FF3B2DB00F4A00D /* Project object */ = {
			isa = PBXProject;
			attributes = {
				LastUpgradeCheck = 0920;
				ORGANIZATIONNAME = dashang;
				TargetAttributes = {
					B682240E1FF3B2DB00F4A00D = {
						CreatedOnToolsVersion = 9.2;
						ProvisioningStyle = Automatic;
					};
				};
			};
			buildConfigurationList = B682240A1FF3B2DB00F4A00D /* Build configuration list for PBXProject "WavAmrConverter" */;
			compatibilityVersion = "Xcode 8.0";
			developmentRegion = en;
			hasScannedForEncodings = 0;
			knownRegions = (
				en,
				Base,
			);
			mainGroup = B68224061FF3B2DB00F4A00D;
			productRefGroup = B68224101FF3B2DB00F4A00D /* Products */;
			projectDirPath = "";
			projectRoot = "";
			targets = (
				B682240E1FF3B2DB00F4A00D /* WavAmrConverter */,
			);
		};
/* End PBXProject section */

/* Begin PBXResourcesBuildPhase section */
		B682240D1FF3B2DB00F4A00D /* Resources */ = {
			isa = PBXResourcesBuildPhase;
			buildActionMask = 2147483647;
			files = (
				B682241F1FF3B2DB00F4A00D /* LaunchScreen.storyboard in Resources */,
				B682241C1FF3B2DB00F4A00D /* Assets.xcassets in Resources */,
				B682242A1FF3B34400F4A00D /* opencore-vo-amrwbenc-iOS-master.zip in Resources */,
				B682241A1FF3B2DB00F4A00D /* Main.storyboard in Resources */,
			);
			runOnlyForDeploymentPostprocessing = 0;
		};
/* End PBXResourcesBuildPhase section */

/* Begin PBXSourcesBuildPhase section */
		B682240B1FF3B2DB00F4A00D /* Sources */ = {
			isa = PBXSourcesBuildPhase;
			buildActionMask = 2147483647;
			files = (
				B68224171FF3B2DB00F4A00D /* ViewController.m in Sources */,
				B68224221FF3B2DB00F4A00D /* main.m in Sources */,
				B682244B1FF3B50F00F4A00D /* 16KHZVoiceConverter.mm in Sources */,
				B68224481FF3B4E000F4A00D /* 8KHZVoiceConverter.mm in Sources */,
				B68224421FF3B40000F4A00D /* wavreader.c in Sources */,
				B68224141FF3B2DB00F4A00D /* AppDelegate.m in Sources */,
				B68224411FF3B40000F4A00D /* VoiceConverter.mm in Sources */,
				B68224431FF3B40000F4A00D /* wavwriter.c in Sources */,
			);
			runOnlyForDeploymentPostprocessing = 0;
		};
/* End PBXSourcesBuildPhase section */

/* Begin PBXVariantGroup section */
		B68224181FF3B2DB00F4A00D /* Main.storyboard */ = {
			isa = PBXVariantGroup;
			children = (
				B68224191FF3B2DB00F4A00D /* Base */,
			);
			name = Main.storyboard;
			sourceTree = "<group>";
		};
		B682241D1FF3B2DB00F4A00D /* LaunchScreen.storyboard */ = {
			isa = PBXVariantGroup;
			children = (
				B682241E1FF3B2DB00F4A00D /* Base */,
			);
			name = LaunchScreen.storyboard;
			sourceTree = "<group>";
		};
/* End PBXVariantGroup section */

/* Begin XCBuildConfiguration section */
		B68224231FF3B2DB00F4A00D /* Debug */ = {
			isa = XCBuildConfiguration;
			buildSettings = {
				ALWAYS_SEARCH_USER_PATHS = NO;
				CLANG_ANALYZER_NONNULL = YES;
				CLANG_ANALYZER_NUMBER_OBJECT_CONVERSION = YES_AGGRESSIVE;
				CLANG_CXX_LANGUAGE_STANDARD = "gnu++14";
				CLANG_CXX_LIBRARY = "libc++";
				CLANG_ENABLE_MODULES = YES;
				CLANG_ENABLE_OBJC_ARC = YES;
				CLANG_WARN_BLOCK_CAPTURE_AUTORELEASING = YES;
				CLANG_WARN_BOOL_CONVERSION = YES;
				CLANG_WARN_COMMA = YES;
				CLANG_WARN_CONSTANT_CONVERSION = YES;
				CLANG_WARN_DIRECT_OBJC_ISA_USAGE = YES_ERROR;
				CLANG_WARN_DOCUMENTATION_COMMENTS = YES;
				CLANG_WARN_EMPTY_BODY = YES;
				CLANG_WARN_ENUM_CONVERSION = YES;
				CLANG_WARN_INFINITE_RECURSION = YES;
				CLANG_WARN_INT_CONVERSION = YES;
				CLANG_WARN_NON_LITERAL_NULL_CONVERSION = YES;
				CLANG_WARN_OBJC_LITERAL_CONVERSION = YES;
				CLANG_WARN_OBJC_ROOT_CLASS = YES_ERROR;
				CLANG_WARN_RANGE_LOOP_ANALYSIS = YES;
				CLANG_WARN_STRICT_PROTOTYPES = YES;
				CLANG_WARN_SUSPICIOUS_MOVE = YES;
				CLANG_WARN_UNGUARDED_AVAILABILITY = YES_AGGRESSIVE;
				CLANG_WARN_UNREACHABLE_CODE = YES;
				CLANG_WARN__DUPLICATE_METHOD_MATCH = YES;
				CODE_SIGN_IDENTITY = "iPhone Developer";
				COPY_PHASE_STRIP = NO;
				DEBUG_INFORMATION_FORMAT = dwarf;
				ENABLE_STRICT_OBJC_MSGSEND = YES;
				ENABLE_TESTABILITY = YES;
				GCC_C_LANGUAGE_STANDARD = gnu11;
				GCC_DYNAMIC_NO_PIC = NO;
				GCC_NO_COMMON_BLOCKS = YES;
				GCC_OPTIMIZATION_LEVEL = 0;
				GCC_PREPROCESSOR_DEFINITIONS = (
					"DEBUG=1",
					"$(inherited)",
				);
				GCC_WARN_64_TO_32_BIT_CONVERSION = YES;
				GCC_WARN_ABOUT_RETURN_TYPE = YES_ERROR;
				GCC_WARN_UNDECLARED_SELECTOR = YES;
				GCC_WARN_UNINITIALIZED_AUTOS = YES_AGGRESSIVE;
				GCC_WARN_UNUSED_FUNCTION = YES;
				GCC_WARN_UNUSED_VARIABLE = YES;
				IPHONEOS_DEPLOYMENT_TARGET = 11.2;
				MTL_ENABLE_DEBUG_INFO = YES;
				ONLY_ACTIVE_ARCH = YES;
				SDKROOT = iphoneos;
			};
			name = Debug;
		};
		B68224241FF3B2DB00F4A00D /* Release */ = {
			isa = XCBuildConfiguration;
			buildSettings = {
				ALWAYS_SEARCH_USER_PATHS = NO;
				CLANG_ANALYZER_NONNULL = YES;
				CLANG_ANALYZER_NUMBER_OBJECT_CONVERSION = YES_AGGRESSIVE;
				CLANG_CXX_LANGUAGE_STANDARD = "gnu++14";
				CLANG_CXX_LIBRARY = "libc++";
				CLANG_ENABLE_MODULES = YES;
				CLANG_ENABLE_OBJC_ARC = YES;
				CLANG_WARN_BLOCK_CAPTURE_AUTORELEASING = YES;
				CLANG_WARN_BOOL_CONVERSION = YES;
				CLANG_WARN_COMMA = YES;
				CLANG_WARN_CONSTANT_CONVERSION = YES;
				CLANG_WARN_DIRECT_OBJC_ISA_USAGE = YES_ERROR;
				CLANG_WARN_DOCUMENTATION_COMMENTS = YES;
				CLANG_WARN_EMPTY_BODY = YES;
				CLANG_WARN_ENUM_CONVERSION = YES;
				CLANG_WARN_INFINITE_RECURSION = YES;
				CLANG_WARN_INT_CONVERSION = YES;
				CLANG_WARN_NON_LITERAL_NULL_CONVERSION = YES;
				CLANG_WARN_OBJC_LITERAL_CONVERSION = YES;
				CLANG_WARN_OBJC_ROOT_CLASS = YES_ERROR;
				CLANG_WARN_RANGE_LOOP_ANALYSIS = YES;
				CLANG_WARN_STRICT_PROTOTYPES = YES;
				CLANG_WARN_SUSPICIOUS_MOVE = YES;
				CLANG_WARN_UNGUARDED_AVAILABILITY = YES_AGGRESSIVE;
				CLANG_WARN_UNREACHABLE_CODE = YES;
				CLANG_WARN__DUPLICATE_METHOD_MATCH = YES;
				CODE_SIGN_IDENTITY = "iPhone Developer";
				COPY_PHASE_STRIP = NO;
				DEBUG_INFORMATION_FORMAT = "dwarf-with-dsym";
				ENABLE_NS_ASSERTIONS = NO;
				ENABLE_STRICT_OBJC_MSGSEND = YES;
				GCC_C_LANGUAGE_STANDARD = gnu11;
				GCC_NO_COMMON_BLOCKS = YES;
				GCC_WARN_64_TO_32_BIT_CONVERSION = YES;
				GCC_WARN_ABOUT_RETURN_TYPE = YES_ERROR;
				GCC_WARN_UNDECLARED_SELECTOR = YES;
				GCC_WARN_UNINITIALIZED_AUTOS = YES_AGGRESSIVE;
				GCC_WARN_UNUSED_FUNCTION = YES;
				GCC_WARN_UNUSED_VARIABLE = YES;
				IPHONEOS_DEPLOYMENT_TARGET = 11.2;
				MTL_ENABLE_DEBUG_INFO = NO;
				SDKROOT = iphoneos;
				VALIDATE_PRODUCT = YES;
			};
			name = Release;
		};
		B68224261FF3B2DB00F4A00D /* Debug */ = {
			isa = XCBuildConfiguration;
			buildSettings = {
				ASSETCATALOG_COMPILER_APPICON_NAME = AppIcon;
				CODE_SIGN_STYLE = Automatic;
				DEVELOPMENT_TEAM = D968A6BAYJ;
				INFOPLIST_FILE = WavAmrConverter/Info.plist;
				LD_RUNPATH_SEARCH_PATHS = "$(inherited) @executable_path/Frameworks";
				LIBRARY_SEARCH_PATHS = (
					"$(inherited)",
					"$(PROJECT_DIR)/WavAmrConverter/VoiceConverter/lib",
				);
				PRODUCT_BUNDLE_IDENTIFIER = com.dashang.WavAmrConverter;
				PRODUCT_NAME = "$(TARGET_NAME)";
				TARGETED_DEVICE_FAMILY = "1,2";
			};
			name = Debug;
		};
		B68224271FF3B2DB00F4A00D /* Release */ = {
			isa = XCBuildConfiguration;
			buildSettings = {
				ASSETCATALOG_COMPILER_APPICON_NAME = AppIcon;
				CODE_SIGN_STYLE = Automatic;
				DEVELOPMENT_TEAM = D968A6BAYJ;
				INFOPLIST_FILE = WavAmrConverter/Info.plist;
				LD_RUNPATH_SEARCH_PATHS = "$(inherited) @executable_path/Frameworks";
				LIBRARY_SEARCH_PATHS = (
					"$(inherited)",
					"$(PROJECT_DIR)/WavAmrConverter/VoiceConverter/lib",
				);
				PRODUCT_BUNDLE_IDENTIFIER = com.dashang.WavAmrConverter;
				PRODUCT_NAME = "$(TARGET_NAME)";
				TARGETED_DEVICE_FAMILY = "1,2";
			};
			name = Release;
		};
/* End XCBuildConfiguration section */

/* Begin XCConfigurationList section */
		B682240A1FF3B2DB00F4A00D /* Build configuration list for PBXProject "WavAmrConverter" */ = {
			isa = XCConfigurationList;
			buildConfigurations = (
				B68224231FF3B2DB00F4A00D /* Debug */,
				B68224241FF3B2DB00F4A00D /* Release */,
			);
			defaultConfigurationIsVisible = 0;
			defaultConfigurationName = Release;
		};
		B68224251FF3B2DB00F4A00D /* Build configuration list for PBXNativeTarget "WavAmrConverter" */ = {
			isa = XCConfigurationList;
			buildConfigurations = (
				B68224261FF3B2DB00F4A00D /* Debug */,
				B68224271FF3B2DB00F4A00D /* Release */,
			);
			defaultConfigurationIsVisible = 0;
			defaultConfigurationName = Release;
		};
/* End XCConfigurationList section */
	};
	rootObject = B68224071FF3B2DB00F4A00D /* Project object */;
}
